
Microsoft Visual Studio Solution File, Format Version 12.00
# Visual Studio Version 17
VisualStudioVersion = 17.3.32929.385
MinimumVisualStudioVersion = 10.0.40219.1
Project("{FAE04EC0-301F-11D3-BF4B-00C04F79EFBC}") = "Web.Mercury", "Mercury.WebApp\Mercury.WebApp.csproj", "{8CED9EB2-5193-4B5B-9624-36591444A848}"
EndProject
Global
	GlobalSection(SolutionConfigurationPlatforms) = preSolution
		Debug|Any CPU = Debug|Any CPU
		Release|Any CPU = Release|Any CPU
	EndGlobalSection
	GlobalSection(ProjectConfigurationPlatforms) = postSolution
		{8CED9EB2-5193-4B5B-9624-36591444A848}.Debug|Any CPU.ActiveCfg = Debug|Any CPU
		{8CED9EB2-5193-4B5B-9624-36591444A848}.Debug|Any CPU.Build.0 = Debug|Any CPU
		{8CED9EB2-5193-4B5B-9624-36591444A848}.Release|Any CPU.ActiveCfg = Release|Any CPU
		{8CED9EB2-5193-4B5B-9624-36591444A848}.Release|Any CPU.Build.0 = Release|Any CPU
	EndGlobalSection
	GlobalSection(SolutionProperties) = preSolution
		HideSolutionNode = FALSE
	EndGlobalSection
	GlobalSection(ExtensibilityGlobals) = postSolution
		SolutionGuid = {B23C93EB-9691-407C-B34B-92163C0DB724}
	EndGlobalSection
EndGlobal
